github.com/ironcore-dev/ironcore v0.1.2-0.20240111223726-47afcd8e8d13/go.mod h1:Jd+EhBiQT/mR0WyFdZ4OfymFzX97Iw3Gqm7Yz4edYgQ=
github.com/ironcore-dev/ironcore v0.1.2-0.20240115105645-09183cfa3d80 h1:d3U97hAU319EVamZhJ2nNKOgveqTy4BTLGilm8nZvMc=
github.com/ironcore-dev/ironcore v0.1.2-0.20240115105645-09183cfa3d80/go.mod h1:cTjq3AobNNQg/U/bJwrk+JYrX5o0izrQygtIB14Riaw=
